
Microsoft Visual Studio Solution File, Format Version 12.00
# Visual Studio Version 17
VisualStudioVersion = 17.1.32414.318
MinimumVisualStudioVersion = 10.0.40219.1
Project("{888888A0-9F3D-457C-B088-3A5042F75D52}") = "Irregular_verbs_quiz", "Irregular_verbs_quiz.pyproj", "{C1EC852B-A0BB-440C-A01A-6FC20B71B8B8}"
EndProject
Global
	GlobalSection(SolutionConfigurationPlatforms) = preSolution
		Debug|Any CPU = Debug|Any CPU
		Release|Any CPU = Release|Any CPU
	EndGlobalSection
	GlobalSection(ProjectConfigurationPlatforms) = postSolution
		{C1EC852B-A0BB-440C-A01A-6FC20B71B8B8}.Debug|Any CPU.ActiveCfg = Debug|Any CPU
		{C1EC852B-A0BB-440C-A01A-6FC20B71B8B8}.Release|Any CPU.ActiveCfg = Release|Any CPU
	EndGlobalSection
	GlobalSection(SolutionProperties) = preSolution
		HideSolutionNode = FALSE
	EndGlobalSection
	GlobalSection(ExtensibilityGlobals) = postSolution
		SolutionGuid = {D0EE2AAE-4DA1-40A2-A481-E9A50A640EF1}
	EndGlobalSection
EndGlobal
